
Microsoft Visual Studio Solution File, Format Version 12.00
# Visual Studio Version 16
VisualStudioVersion = 16.0.31229.75
MinimumVisualStudioVersion = 10.0.40219.1
Project("{FAE04EC0-301F-11D3-BF4B-00C04F79EFBC}") = "Kochi_TVM", "Kochi_TVM.csproj", "{97E4F3FD-D2C4-4CB6-AECA-C779E44CDFAB}"
EndProject
Global
	GlobalSection(SolutionConfigurationPlatforms) = preSolution
		Debug|Any CPU = Debug|Any CPU
		Release|Any CPU = Release|Any CPU
	EndGlobalSection
	GlobalSection(ProjectConfigurationPlatforms) = postSolution
		{97E4F3FD-D2C4-4CB6-AECA-C779E44CDFAB}.Debug|Any CPU.ActiveCfg = Debug|Any CPU
		{97E4F3FD-D2C4-4CB6-AECA-C779E44CDFAB}.Debug|Any CPU.Build.0 = Debug|Any CPU
		{97E4F3FD-D2C4-4CB6-AECA-C779E44CDFAB}.Release|Any CPU.ActiveCfg = Release|Any CPU
		{97E4F3FD-D2C4-4CB6-AECA-C779E44CDFAB}.Release|Any CPU.Build.0 = Release|Any CPU
	EndGlobalSection
	GlobalSection(SolutionProperties) = preSolution
		HideSolutionNode = FALSE
	EndGlobalSection
	GlobalSection(ExtensibilityGlobals) = postSolution
		SolutionGuid = {6EDA8218-EFE8-4973-A39F-05E91C2A2BCC}
	EndGlobalSection
EndGlobal
